<?xml version="1.0" encoding="utf-8"?>
<Project xmlns="http://schemas.microsoft.com/developer/msbuild/2003" ToolsVersion="4.0">
  <ItemGroup>
    <Filter Include="Main">
      <UniqueIdentifier>{33e1fd47-a7ff-4650-abfb-af30ded1acae}</UniqueIdentifier>
    </Filter>
    <Filter Include="Utils">
      <UniqueIdentifier>{53460cfd-0b70-43a0-8784-984c99bca06d}</UniqueIdentifier>
    </Filter>
    <Filter Include="Protocol">
      <UniqueIdentifier>{c959ebe8-f172-4d47-84d7-87dc6654c2bf}</UniqueIdentifier>
    </Filter>
    <Filter Include="GameContents">
      <UniqueIdentifier>{80a67a81-40f7-4853-9ba5-feaa0e3526b2}</UniqueIdentifier>
    </Filter>
    <Filter Include="DB">
      <UniqueIdentifier>{7d04d242-957d-4428-9f9d-637f5fa496bc}</UniqueIdentifier>
    </Filter>
    <Filter Include="GameContents\Bases">
      <UniqueIdentifier>{b851ed29-d81d-40f6-a628-fe108ec4cf98}</UniqueIdentifier>
    </Filter>
    <Filter Include="GameContents\Zone">
      <UniqueIdentifier>{914c6340-5b6b-4490-b632-a19221862373}</UniqueIdentifier>
    </Filter>
    <Filter Include="Resources">
      <UniqueIdentifier>{e6fab296-4806-49bd-a324-41fae84ee3a1}</UniqueIdentifier>
    </Filter>
    <Filter Include="Cms">
      <UniqueIdentifier>{5592ac39-4a43-45fa-9139-7d8d61be2fda}</UniqueIdentifier>
    </Filter>
    <Filter Include="Cms\Description">
      <UniqueIdentifier>{546f0127-5385-42c1-9eca-09b28648f9db}</UniqueIdentifier>
    </Filter>
    <Filter Include="GameContents\Entity">
      <UniqueIdentifier>{1e2d38b2-79e9-479b-a577-75de7815f8c3}</UniqueIdentifier>
    </Filter>
    <Filter Include="GameContents\Common">
      <UniqueIdentifier>{121661f1-df22-4083-9445-87ac6ab0f19e}</UniqueIdentifier>
    </Filter>
  </ItemGroup>
  <ItemGroup>
    <ClCompile Include="GameServer.cpp">
      <Filter>Main</Filter>
    </ClCompile>
    <ClCompile Include="pch.cpp">
      <Filter>Utils</Filter>
    </ClCompile>
    <ClCompile Include="ClientSessionManager.cpp">
      <Filter>Main</Filter>
    </ClCompile>
    <ClCompile Include="ClientPacketHandler.cpp">
      <Filter>Main</Filter>
    </ClCompile>
    <ClCompile Include="Enum.pb.cc">
      <Filter>Protocol</Filter>
    </ClCompile>
    <ClCompile Include="Struct.pb.cc">
      <Filter>Protocol</Filter>
    </ClCompile>
    <ClCompile Include="Protocol.pb.cc">
      <Filter>Protocol</Filter>
    </ClCompile>
    <ClCompile Include="ClientSession.cpp">
      <Filter>Main</Filter>
    </ClCompile>
    <ClCompile Include="MathUtils.cpp">
      <Filter>Utils</Filter>
    </ClCompile>
    <ClCompile Include="Room.cpp">
      <Filter>GameContents</Filter>
    </ClCompile>
    <ClCompile Include="ObjectUtils.cpp">
      <Filter>Utils</Filter>
    </ClCompile>
    <ClCompile Include="Grid.cpp">
      <Filter>GameContents\Zone</Filter>
    </ClCompile>
    <ClCompile Include="Zone.cpp">
      <Filter>GameContents\Zone</Filter>
    </ClCompile>
    <ClCompile Include="ZoneManager.cpp">
      <Filter>GameContents\Zone</Filter>
    </ClCompile>
    <ClCompile Include="CmsCached.cpp">
      <Filter>Cms</Filter>
    </ClCompile>
    <ClCompile Include="CmsManager.cpp">
      <Filter>Cms</Filter>
    </ClCompile>
    <ClCompile Include="Player.cpp">
      <Filter>GameContents\Entity</Filter>
    </ClCompile>
    <ClCompile Include="Monster.cpp">
      <Filter>GameContents\Entity</Filter>
    </ClCompile>
    <ClCompile Include="Creature.cpp">
      <Filter>GameContents\Entity</Filter>
    </ClCompile>
    <ClCompile Include="ZoneInstance.cpp">
      <Filter>GameContents\Zone</Filter>
    </ClCompile>
    <ClCompile Include="CmsLookup.cpp">
      <Filter>Cms</Filter>
    </ClCompile>
    <ClCompile Include="MonsterSpanwer.cpp">
      <Filter>GameContents\Zone</Filter>
    </ClCompile>
    <ClCompile Include="ZonePlayer.cpp">
      <Filter>GameContents\Entity</Filter>
    </ClCompile>
    <ClCompile Include="PlayerManager.cpp">
      <Filter>Main</Filter>
    </ClCompile>
    <ClCompile Include="DBServerSession.cpp">
      <Filter>DB</Filter>
    </ClCompile>
    <ClCompile Include="DBWorker.cpp">
      <Filter>DB</Filter>
    </ClCompile>
    <ClCompile Include="DBWorkerManager.cpp">
      <Filter>DB</Filter>
    </ClCompile>
    <ClCompile Include="DBProtocol.pb.cc">
      <Filter>Protocol</Filter>
    </ClCompile>
    <ClCompile Include="DBStruct.pb.cc">
      <Filter>Protocol</Filter>
    </ClCompile>
    <ClCompile Include="DBHelper.cpp">
      <Filter>DB</Filter>
    </ClCompile>
    <ClCompile Include="GameGlobal.cpp">
      <Filter>Main</Filter>
    </ClCompile>
    <ClCompile Include="DBServerPacketHandler.cpp">
      <Filter>DB</Filter>
    </ClCompile>
    <ClCompile Include="DBResponseManager.cpp">
      <Filter>DB</Filter>
    </ClCompile>
  </ItemGroup>
  <ItemGroup>
    <ClInclude Include="pch.h">
      <Filter>Utils</Filter>
    </ClInclude>
    <ClInclude Include="GameServer.h" />
    <ClInclude Include="ClientSessionManager.h">
      <Filter>Main</Filter>
    </ClInclude>
    <ClInclude Include="ClientPacketHandler.h">
      <Filter>Main</Filter>
    </ClInclude>
    <ClInclude Include="Enum.pb.h">
      <Filter>Protocol</Filter>
    </ClInclude>
    <ClInclude Include="Struct.pb.h">
      <Filter>Protocol</Filter>
    </ClInclude>
    <ClInclude Include="Protocol.pb.h">
      <Filter>Protocol</Filter>
    </ClInclude>
    <ClInclude Include="ClientSession.h">
      <Filter>Main</Filter>
    </ClInclude>
    <ClInclude Include="MathUtils.h">
      <Filter>Utils</Filter>
    </ClInclude>
    <ClInclude Include="Room.h">
      <Filter>GameContents</Filter>
    </ClInclude>
    <ClInclude Include="ObjectUtils.h">
      <Filter>Utils</Filter>
    </ClInclude>
    <ClInclude Include="IUpdate.h">
      <Filter>GameContents\Bases</Filter>
    </ClInclude>
    <ClInclude Include="BaseEntity.h">
      <Filter>GameContents\Bases</Filter>
    </ClInclude>
    <ClInclude Include="ZoneManager.h">
      <Filter>GameContents\Zone</Filter>
    </ClInclude>
    <ClInclude Include="Grid.h">
      <Filter>GameContents\Zone</Filter>
    </ClInclude>
    <ClInclude Include="Zone.h">
      <Filter>GameContents\Zone</Filter>
    </ClInclude>
    <ClInclude Include="CmsCached.h">
      <Filter>Cms</Filter>
    </ClInclude>
    <ClInclude Include="CmsManager.h">
      <Filter>Cms</Filter>
    </ClInclude>
    <ClInclude Include="Player.h">
      <Filter>GameContents\Entity</Filter>
    </ClInclude>
    <ClInclude Include="Monster.h">
      <Filter>GameContents\Entity</Filter>
    </ClInclude>
    <ClInclude Include="Creature.h">
      <Filter>GameContents\Entity</Filter>
    </ClInclude>
    <ClInclude Include="ZoneInstance.h">
      <Filter>GameContents\Zone</Filter>
    </ClInclude>
    <ClInclude Include="CommonType.h">
      <Filter>Cms\Description</Filter>
    </ClInclude>
    <ClInclude Include="CmsLookup.h">
      <Filter>Cms</Filter>
    </ClInclude>
    <ClInclude Include="MonsterSpanwer.h">
      <Filter>GameContents\Zone</Filter>
    </ClInclude>
    <ClInclude Include="ZoneUtils.h">
      <Filter>Utils</Filter>
    </ClInclude>
    <ClInclude Include="Rect2D.h">
      <Filter>GameContents\Common</Filter>
    </ClInclude>
    <ClInclude Include="Vector2.h">
      <Filter>GameContents\Common</Filter>
    </ClInclude>
    <ClInclude Include="GameConst.h">
      <Filter>Utils</Filter>
    </ClInclude>
    <ClInclude Include="MapDesc.h">
      <Filter>Cms\Description</Filter>
    </ClInclude>
    <ClInclude Include="MonsterDesc.h">
      <Filter>Cms\Description</Filter>
    </ClInclude>
    <ClInclude Include="MonsterSpawnPointDesc.h">
      <Filter>Cms\Description</Filter>
    </ClInclude>
    <ClInclude Include="ZonePlayer.h">
      <Filter>GameContents\Entity</Filter>
    </ClInclude>
    <ClInclude Include="PlayerManager.h">
      <Filter>Main</Filter>
    </ClInclude>
    <ClInclude Include="DBServerSession.h">
      <Filter>DB</Filter>
    </ClInclude>
    <ClInclude Include="DBWorker.h">
      <Filter>DB</Filter>
    </ClInclude>
    <ClInclude Include="DBWorkerManager.h">
      <Filter>DB</Filter>
    </ClInclude>
    <ClInclude Include="DBProtocol.pb.h">
      <Filter>Protocol</Filter>
    </ClInclude>
    <ClInclude Include="DBStruct.pb.h">
      <Filter>Protocol</Filter>
    </ClInclude>
    <ClInclude Include="DBHelper.h">
      <Filter>DB</Filter>
    </ClInclude>
    <ClInclude Include="GameGlobal.h">
      <Filter>Main</Filter>
    </ClInclude>
    <ClInclude Include="DBResponseManager.h">
      <Filter>DB</Filter>
    </ClInclude>
    <ClInclude Include="DBServerPacketHandler.h">
      <Filter>DB</Filter>
    </ClInclude>
  </ItemGroup>
  <ItemGroup>
    <None Include="..\Common\Protobuf\bin\Protocol.proto">
      <Filter>Protocol</Filter>
    </None>
    <None Include="..\Common\Protobuf\bin\Enum.proto">
      <Filter>Protocol</Filter>
    </None>
    <None Include="..\Common\Protobuf\bin\Struct.proto">
      <Filter>Protocol</Filter>
    </None>
    <None Include="..\Common\Protobuf\bin\GenPackets.bat">
      <Filter>Protocol</Filter>
    </None>
    <None Include="..\Common\Protobuf\bin\DBProtocol.proto">
      <Filter>Protocol</Filter>
    </None>
    <None Include="..\Common\Protobuf\bin\DBStruct.proto">
      <Filter>Protocol</Filter>
    </None>
  </ItemGroup>
</Project>