<?xml version="1.0" encoding="utf-8"?>
<Project ToolsVersion="4.0" xmlns="http://schemas.microsoft.com/developer/msbuild/2003">
  <ItemGroup>
    <Filter Include="리소스 파일">
      <UniqueIdentifier>{67DA6AB6-F800-4c08-8B7A-83BB121AAD01}</UniqueIdentifier>
      <Extensions>rc;ico;cur;bmp;dlg;rc2;rct;bin;rgs;gif;jpg;jpeg;jpe;resx;tiff;tif;png;wav;mfcribbon-ms</Extensions>
    </Filter>
    <Filter Include="Main">
      <UniqueIdentifier>{149570b3-8e53-442a-a1dd-d6e6cc7c1ada}</UniqueIdentifier>
    </Filter>
    <Filter Include="Utils">
      <UniqueIdentifier>{6856db2f-55e4-41a7-abc8-f24cbbe5b1d8}</UniqueIdentifier>
    </Filter>
    <Filter Include="Protocol">
      <UniqueIdentifier>{dbfc694e-47ae-4516-aeb6-7562c7924ca3}</UniqueIdentifier>
    </Filter>
  </ItemGroup>
  <ItemGroup>
    <ClCompile Include="DBServer.cpp">
      <Filter>Main</Filter>
    </ClCompile>
    <ClCompile Include="pch.cpp">
      <Filter>Utils</Filter>
    </ClCompile>
    <ClCompile Include="PacketShardManager.cpp">
      <Filter>Main</Filter>
    </ClCompile>
    <ClCompile Include="PacketWorker.cpp">
      <Filter>Main</Filter>
    </ClCompile>
    <ClCompile Include="GameServerSession.cpp">
      <Filter>Main</Filter>
    </ClCompile>
    <ClCompile Include="DBProtocol.pb.cc">
      <Filter>Protocol</Filter>
    </ClCompile>
    <ClCompile Include="DBStruct.pb.cc">
      <Filter>Protocol</Filter>
    </ClCompile>
    <ClCompile Include="DBClientPacketHandler.cpp">
      <Filter>Main</Filter>
    </ClCompile>
    <ClCompile Include="Enum.pb.cc">
      <Filter>Protocol</Filter>
    </ClCompile>
    <ClCompile Include="Struct.pb.cc">
      <Filter>Protocol</Filter>
    </ClCompile>
    <ClCompile Include="DBToProtoMapper.cpp">
      <Filter>Protocol</Filter>
    </ClCompile>
  </ItemGroup>
  <ItemGroup>
    <ClInclude Include="pch.h">
      <Filter>Utils</Filter>
    </ClInclude>
    <ClInclude Include="PacketShardManager.h">
      <Filter>Main</Filter>
    </ClInclude>
    <ClInclude Include="PacketWorker.h">
      <Filter>Main</Filter>
    </ClInclude>
    <ClInclude Include="GameServerSession.h">
      <Filter>Main</Filter>
    </ClInclude>
    <ClInclude Include="DBProtocol.pb.h">
      <Filter>Protocol</Filter>
    </ClInclude>
    <ClInclude Include="DBStruct.pb.h">
      <Filter>Protocol</Filter>
    </ClInclude>
    <ClInclude Include="DBClientPacketHandler.h">
      <Filter>Main</Filter>
    </ClInclude>
    <ClInclude Include="GenProcedures.h">
      <Filter>Main</Filter>
    </ClInclude>
    <ClInclude Include="DBConst.h">
      <Filter>Main</Filter>
    </ClInclude>
    <ClInclude Include="DBServerPacket.h">
      <Filter>Main</Filter>
    </ClInclude>
    <ClInclude Include="Enum.pb.h">
      <Filter>Protocol</Filter>
    </ClInclude>
    <ClInclude Include="Struct.pb.h">
      <Filter>Protocol</Filter>
    </ClInclude>
    <ClInclude Include="DBToProtoMapper.h">
      <Filter>Protocol</Filter>
    </ClInclude>
  </ItemGroup>
  <ItemGroup>
    <None Include="..\Common\Protobuf\bin\DBProtocol.proto">
      <Filter>Protocol</Filter>
    </None>
    <None Include="..\Common\Protobuf\bin\DBStruct.proto">
      <Filter>Protocol</Filter>
    </None>
    <None Include="..\Common\Protobuf\bin\GenPackets.bat">
      <Filter>Protocol</Filter>
    </None>
    <None Include="..\Common\Procedures\GenProcedures.bat">
      <Filter>Main</Filter>
    </None>
    <None Include="..\Common\Protobuf\bin\Enum.proto">
      <Filter>Protocol</Filter>
    </None>
    <None Include="..\Common\Protobuf\bin\Struct.proto">
      <Filter>Protocol</Filter>
    </None>
  </ItemGroup>
  <ItemGroup>
    <Xml Include="GameDB.xml">
      <Filter>Main</Filter>
    </Xml>
  </ItemGroup>
</Project>